
Microsoft Visual Studio Solution File, Format Version 12.00
Project("{FAE04EC0-301F-11D3-BF4B-00C04F79EFBC}") = "WebApi", "WebApi\WebApi.csproj", "{CCD0DD95-C103-4E01-B899-5EE982857357}"
EndProject
Global
	GlobalSection(SolutionConfigurationPlatforms) = preSolution
		Debug|Any CPU = Debug|Any CPU
		Release|Any CPU = Release|Any CPU
	EndGlobalSection
	GlobalSection(ProjectConfigurationPlatforms) = postSolution
		{CCD0DD95-C103-4E01-B899-5EE982857357}.Debug|Any CPU.ActiveCfg = Debug|Any CPU
		{CCD0DD95-C103-4E01-B899-5EE982857357}.Debug|Any CPU.Build.0 = Debug|Any CPU
		{CCD0DD95-C103-4E01-B899-5EE982857357}.Release|Any CPU.ActiveCfg = Release|Any CPU
		{CCD0DD95-C103-4E01-B899-5EE982857357}.Release|Any CPU.Build.0 = Release|Any CPU
	EndGlobalSection
EndGlobal
